{
    "_meta": {
        "hash": {
            "sha256": "30bb0fc85aea0887a3898c36b952f0407ef3c7b33be243e839d8e4a7e4d68bdf"
        },
        "pipfile-spec": 6,
        "requires": {
            "python_version": "3.7"
        },
        "sources": [
            {
                "name": "pypi",
                "url": "https://pypi.org/simple",
                "verify_ssl": true
            }
        ]
    },
    "default": {
        "xxtea-py": {
            "hashes": [
                "sha256:32ee8e2c3a6c1fb86d3b4e06745ee041c2e7fcd6bcd7bd57d9d1134108307ce6",
                "sha256:86e3194fe5bdc68ea6d30cf1d7d08c832250dfa33a366624e202a1f6376e1486",
                "sha256:8df8ee0d76a4bb3a033ff666173f42ed1f01dd21d1b12423118e0e9a30e2e4e8"
            ],
            "index": "pypi",
            "version": "==1.0.3"
        }
    },
    "develop": {}
}
